
Microsoft Visual Studio Solution File, Format Version 12.00
Project("{FAE04EC0-301F-11D3-BF4B-00C04F79EFBC}") = "Formula", "Formula\Formula.csproj", "{BA576887-5909-4F31-A107-48E08322E73D}"
EndProject
Project("{FAE04EC0-301F-11D3-BF4B-00C04F79EFBC}") = "FormulaTests", "FormulaTests\FormulaTests.csproj", "{DE21CDD7-FDEB-4C2D-A2EE-74059F5599B7}"
EndProject
Project("{FAE04EC0-301F-11D3-BF4B-00C04F79EFBC}") = "DependencyGraph", "DependencyGraph\DependencyGraph.csproj", "{BE160835-E4D2-48D1-B1DC-9788C8253B0C}"
EndProject
Project("{FAE04EC0-301F-11D3-BF4B-00C04F79EFBC}") = "DependencyGraphTests", "DependencyGraphTests\DependencyGraphTests.csproj", "{BB835838-AD19-4DA3-8AAA-EED207494DEF}"
EndProject
Project("{FAE04EC0-301F-11D3-BF4B-00C04F79EFBC}") = "Spreadsheet", "Spreadsheet\Spreadsheet.csproj", "{5613151C-DABF-45EE-86A7-5D79251A2559}"
EndProject
Project("{FAE04EC0-301F-11D3-BF4B-00C04F79EFBC}") = "SpreadsheetTests", "SpreadsheetTests\SpreadsheetTests.csproj", "{098A2034-D46F-4E8E-8B05-FC17FBD856D7}"
EndProject
Project("{FAE04EC0-301F-11D3-BF4B-00C04F79EFBC}") = "GUI", "GUI\GUI.csproj", "{8E3C7C54-6398-4FE3-B7DF-06D7E138BA53}"
EndProject
Global
	GlobalSection(SolutionConfigurationPlatforms) = preSolution
		Debug|Any CPU = Debug|Any CPU
		Release|Any CPU = Release|Any CPU
	EndGlobalSection
	GlobalSection(ProjectConfigurationPlatforms) = postSolution
		{BA576887-5909-4F31-A107-48E08322E73D}.Debug|Any CPU.ActiveCfg = Debug|Any CPU
		{BA576887-5909-4F31-A107-48E08322E73D}.Debug|Any CPU.Build.0 = Debug|Any CPU
		{BA576887-5909-4F31-A107-48E08322E73D}.Release|Any CPU.ActiveCfg = Release|Any CPU
		{BA576887-5909-4F31-A107-48E08322E73D}.Release|Any CPU.Build.0 = Release|Any CPU
		{DE21CDD7-FDEB-4C2D-A2EE-74059F5599B7}.Debug|Any CPU.ActiveCfg = Debug|Any CPU
		{DE21CDD7-FDEB-4C2D-A2EE-74059F5599B7}.Debug|Any CPU.Build.0 = Debug|Any CPU
		{DE21CDD7-FDEB-4C2D-A2EE-74059F5599B7}.Release|Any CPU.ActiveCfg = Release|Any CPU
		{DE21CDD7-FDEB-4C2D-A2EE-74059F5599B7}.Release|Any CPU.Build.0 = Release|Any CPU
		{BE160835-E4D2-48D1-B1DC-9788C8253B0C}.Debug|Any CPU.ActiveCfg = Debug|Any CPU
		{BE160835-E4D2-48D1-B1DC-9788C8253B0C}.Debug|Any CPU.Build.0 = Debug|Any CPU
		{BE160835-E4D2-48D1-B1DC-9788C8253B0C}.Release|Any CPU.ActiveCfg = Release|Any CPU
		{BE160835-E4D2-48D1-B1DC-9788C8253B0C}.Release|Any CPU.Build.0 = Release|Any CPU
		{BB835838-AD19-4DA3-8AAA-EED207494DEF}.Debug|Any CPU.ActiveCfg = Debug|Any CPU
		{BB835838-AD19-4DA3-8AAA-EED207494DEF}.Debug|Any CPU.Build.0 = Debug|Any CPU
		{BB835838-AD19-4DA3-8AAA-EED207494DEF}.Release|Any CPU.ActiveCfg = Release|Any CPU
		{BB835838-AD19-4DA3-8AAA-EED207494DEF}.Release|Any CPU.Build.0 = Release|Any CPU
		{5613151C-DABF-45EE-86A7-5D79251A2559}.Debug|Any CPU.ActiveCfg = Debug|Any CPU
		{5613151C-DABF-45EE-86A7-5D79251A2559}.Debug|Any CPU.Build.0 = Debug|Any CPU
		{5613151C-DABF-45EE-86A7-5D79251A2559}.Release|Any CPU.ActiveCfg = Release|Any CPU
		{5613151C-DABF-45EE-86A7-5D79251A2559}.Release|Any CPU.Build.0 = Release|Any CPU
		{098A2034-D46F-4E8E-8B05-FC17FBD856D7}.Debug|Any CPU.ActiveCfg = Debug|Any CPU
		{098A2034-D46F-4E8E-8B05-FC17FBD856D7}.Debug|Any CPU.Build.0 = Debug|Any CPU
		{098A2034-D46F-4E8E-8B05-FC17FBD856D7}.Release|Any CPU.ActiveCfg = Release|Any CPU
		{098A2034-D46F-4E8E-8B05-FC17FBD856D7}.Release|Any CPU.Build.0 = Release|Any CPU
		{8E3C7C54-6398-4FE3-B7DF-06D7E138BA53}.Debug|Any CPU.ActiveCfg = Debug|Any CPU
		{8E3C7C54-6398-4FE3-B7DF-06D7E138BA53}.Debug|Any CPU.Build.0 = Debug|Any CPU
		{8E3C7C54-6398-4FE3-B7DF-06D7E138BA53}.Release|Any CPU.ActiveCfg = Release|Any CPU
		{8E3C7C54-6398-4FE3-B7DF-06D7E138BA53}.Release|Any CPU.Build.0 = Release|Any CPU
	EndGlobalSection
EndGlobal
